
Microsoft Visual Studio Solution File, Format Version 12.00
# Visual Studio Version 17
VisualStudioVersion = 17.10.35027.167
MinimumVisualStudioVersion = 10.0.40219.1
Project("{2150E333-8FDC-42A3-9474-1A3956D46DE8}") = "Models", "Models", "{BE2B442A-C80C-4315-9667-2C28662E6BAD}"
EndProject
Project("{2150E333-8FDC-42A3-9474-1A3956D46DE8}") = "Presentation", "Presentation", "{2F0A79F2-91ED-44C9-8291-BF7779C9A48D}"
EndProject
Project("{2150E333-8FDC-42A3-9474-1A3956D46DE8}") = "Core", "Core", "{3F7C4822-4FD4-4927-8D95-4ADD04C7BE58}"
EndProject
Project("{2150E333-8FDC-42A3-9474-1A3956D46DE8}") = "Provider", "Provider", "{FFA8D35F-FBE7-4848-9A8E-A0F5465966DA}"
EndProject
Project("{9A19103F-16F7-4668-BE54-9A1E7A4F7556}") = "HAMDA", "Presentation\HAMDA.csproj", "{57E08200-816C-42B3-8E17-44BF3A2C1907}"
EndProject
Project("{9A19103F-16F7-4668-BE54-9A1E7A4F7556}") = "HAMDA.Models.ViewModels", "Models\ViewModels\HAMDA.Models.ViewModels.csproj", "{9CCB4568-166F-4A18-99E5-49D861CA4639}"
EndProject
Project("{9A19103F-16F7-4668-BE54-9A1E7A4F7556}") = "HAMDA.Models.EntityModels", "Models\EntityModels\HAMDA.Models.EntityModels.csproj", "{8523157B-78C6-41A4-9E57-595317CA74EE}"
EndProject
Project("{9A19103F-16F7-4668-BE54-9A1E7A4F7556}") = "HAMDA.Core.DataLayer", "Core\HAMDA.Core.DataLayer\HAMDA.Core.DataLayer.csproj", "{A3427921-CD39-44BF-B84C-7048FC6BB73B}"
EndProject
Project("{9A19103F-16F7-4668-BE54-9A1E7A4F7556}") = "HAMDA.Core.SystemCore", "Core\HAMDA.Core.SystemCore\HAMDA.Core.SystemCore.csproj", "{2AE522E5-698C-414C-BD4E-D5D596ABA66B}"
EndProject
Project("{FAE04EC0-301F-11D3-BF4B-00C04F79EFBC}") = "HAMDA.Provider.Home", "Provider\HAMDA.Provider.Home\HAMDA.Provider.Home.csproj", "{A6F2BAD5-733A-4E5B-BA81-9895D9E47EE8}"
EndProject
Project("{FAE04EC0-301F-11D3-BF4B-00C04F79EFBC}") = "HAMDA.Core.Extentions", "Core\HAMDA.Core.Extentions\HAMDA.Core.Extentions.csproj", "{CAE7369C-9D81-4C6E-9DC2-C3280E4E3066}"
EndProject
Project("{2150E333-8FDC-42A3-9474-1A3956D46DE8}") = "Service", "Service", "{8FC9FA68-0C57-4AB7-8C4F-01F3F2FD976E}"
EndProject
Project("{2150E333-8FDC-42A3-9474-1A3956D46DE8}") = "Repository", "Repository", "{4EC45067-C900-4601-AEAD-881E43C618A1}"
EndProject
Project("{FAE04EC0-301F-11D3-BF4B-00C04F79EFBC}") = "HAMDA.Repository.IService", "Repository\HAMDA.Repository.IService\HAMDA.Repository.IService.csproj", "{2F3D020C-5720-4DF8-9ECE-A9A3C89FF4C3}"
EndProject
Project("{FAE04EC0-301F-11D3-BF4B-00C04F79EFBC}") = "HAMDA.Service.Service", "Service\Service\HAMDA.Service.Service.csproj", "{2145EDE7-388C-4ACC-87C3-A29140F741C1}"
EndProject
Project("{FAE04EC0-301F-11D3-BF4B-00C04F79EFBC}") = "HAMDA.Core.ContextWrapper", "Core\HAMDA.Core.ContextWrapper\HAMDA.Core.ContextWrapper.csproj", "{68C81173-3B24-4F1B-8C1C-818F37EFFB92}"
EndProject
Project("{FAE04EC0-301F-11D3-BF4B-00C04F79EFBC}") = "HAMDA.Provider.Middleware", "Provider\HAMDA.Provider.Middleware\HAMDA.Provider.Middleware.csproj", "{CF43A822-BF99-4B1D-9AC1-368AB4615BF0}"
EndProject
Global
	GlobalSection(SolutionConfigurationPlatforms) = preSolution
		Debug|Any CPU = Debug|Any CPU
		Release|Any CPU = Release|Any CPU
	EndGlobalSection
	GlobalSection(ProjectConfigurationPlatforms) = postSolution
		{57E08200-816C-42B3-8E17-44BF3A2C1907}.Debug|Any CPU.ActiveCfg = Debug|Any CPU
		{57E08200-816C-42B3-8E17-44BF3A2C1907}.Debug|Any CPU.Build.0 = Debug|Any CPU
		{57E08200-816C-42B3-8E17-44BF3A2C1907}.Release|Any CPU.ActiveCfg = Release|Any CPU
		{57E08200-816C-42B3-8E17-44BF3A2C1907}.Release|Any CPU.Build.0 = Release|Any CPU
		{9CCB4568-166F-4A18-99E5-49D861CA4639}.Debug|Any CPU.ActiveCfg = Debug|Any CPU
		{9CCB4568-166F-4A18-99E5-49D861CA4639}.Debug|Any CPU.Build.0 = Debug|Any CPU
		{9CCB4568-166F-4A18-99E5-49D861CA4639}.Release|Any CPU.ActiveCfg = Release|Any CPU
		{9CCB4568-166F-4A18-99E5-49D861CA4639}.Release|Any CPU.Build.0 = Release|Any CPU
		{8523157B-78C6-41A4-9E57-595317CA74EE}.Debug|Any CPU.ActiveCfg = Debug|Any CPU
		{8523157B-78C6-41A4-9E57-595317CA74EE}.Debug|Any CPU.Build.0 = Debug|Any CPU
		{8523157B-78C6-41A4-9E57-595317CA74EE}.Release|Any CPU.ActiveCfg = Release|Any CPU
		{8523157B-78C6-41A4-9E57-595317CA74EE}.Release|Any CPU.Build.0 = Release|Any CPU
		{A3427921-CD39-44BF-B84C-7048FC6BB73B}.Debug|Any CPU.ActiveCfg = Debug|Any CPU
		{A3427921-CD39-44BF-B84C-7048FC6BB73B}.Debug|Any CPU.Build.0 = Debug|Any CPU
		{A3427921-CD39-44BF-B84C-7048FC6BB73B}.Release|Any CPU.ActiveCfg = Release|Any CPU
		{A3427921-CD39-44BF-B84C-7048FC6BB73B}.Release|Any CPU.Build.0 = Release|Any CPU
		{2AE522E5-698C-414C-BD4E-D5D596ABA66B}.Debug|Any CPU.ActiveCfg = Debug|Any CPU
		{2AE522E5-698C-414C-BD4E-D5D596ABA66B}.Debug|Any CPU.Build.0 = Debug|Any CPU
		{2AE522E5-698C-414C-BD4E-D5D596ABA66B}.Release|Any CPU.ActiveCfg = Release|Any CPU
		{2AE522E5-698C-414C-BD4E-D5D596ABA66B}.Release|Any CPU.Build.0 = Release|Any CPU
		{A6F2BAD5-733A-4E5B-BA81-9895D9E47EE8}.Debug|Any CPU.ActiveCfg = Debug|Any CPU
		{A6F2BAD5-733A-4E5B-BA81-9895D9E47EE8}.Debug|Any CPU.Build.0 = Debug|Any CPU
		{A6F2BAD5-733A-4E5B-BA81-9895D9E47EE8}.Release|Any CPU.ActiveCfg = Release|Any CPU
		{A6F2BAD5-733A-4E5B-BA81-9895D9E47EE8}.Release|Any CPU.Build.0 = Release|Any CPU
		{CAE7369C-9D81-4C6E-9DC2-C3280E4E3066}.Debug|Any CPU.ActiveCfg = Debug|Any CPU
		{CAE7369C-9D81-4C6E-9DC2-C3280E4E3066}.Debug|Any CPU.Build.0 = Debug|Any CPU
		{CAE7369C-9D81-4C6E-9DC2-C3280E4E3066}.Release|Any CPU.ActiveCfg = Release|Any CPU
		{CAE7369C-9D81-4C6E-9DC2-C3280E4E3066}.Release|Any CPU.Build.0 = Release|Any CPU
		{2F3D020C-5720-4DF8-9ECE-A9A3C89FF4C3}.Debug|Any CPU.ActiveCfg = Debug|Any CPU
		{2F3D020C-5720-4DF8-9ECE-A9A3C89FF4C3}.Debug|Any CPU.Build.0 = Debug|Any CPU
		{2F3D020C-5720-4DF8-9ECE-A9A3C89FF4C3}.Release|Any CPU.ActiveCfg = Release|Any CPU
		{2F3D020C-5720-4DF8-9ECE-A9A3C89FF4C3}.Release|Any CPU.Build.0 = Release|Any CPU
		{2145EDE7-388C-4ACC-87C3-A29140F741C1}.Debug|Any CPU.ActiveCfg = Debug|Any CPU
		{2145EDE7-388C-4ACC-87C3-A29140F741C1}.Debug|Any CPU.Build.0 = Debug|Any CPU
		{2145EDE7-388C-4ACC-87C3-A29140F741C1}.Release|Any CPU.ActiveCfg = Release|Any CPU
		{2145EDE7-388C-4ACC-87C3-A29140F741C1}.Release|Any CPU.Build.0 = Release|Any CPU
		{68C81173-3B24-4F1B-8C1C-818F37EFFB92}.Debug|Any CPU.ActiveCfg = Debug|Any CPU
		{68C81173-3B24-4F1B-8C1C-818F37EFFB92}.Debug|Any CPU.Build.0 = Debug|Any CPU
		{68C81173-3B24-4F1B-8C1C-818F37EFFB92}.Release|Any CPU.ActiveCfg = Release|Any CPU
		{68C81173-3B24-4F1B-8C1C-818F37EFFB92}.Release|Any CPU.Build.0 = Release|Any CPU
		{CF43A822-BF99-4B1D-9AC1-368AB4615BF0}.Debug|Any CPU.ActiveCfg = Debug|Any CPU
		{CF43A822-BF99-4B1D-9AC1-368AB4615BF0}.Debug|Any CPU.Build.0 = Debug|Any CPU
		{CF43A822-BF99-4B1D-9AC1-368AB4615BF0}.Release|Any CPU.ActiveCfg = Release|Any CPU
		{CF43A822-BF99-4B1D-9AC1-368AB4615BF0}.Release|Any CPU.Build.0 = Release|Any CPU
	EndGlobalSection
	GlobalSection(SolutionProperties) = preSolution
		HideSolutionNode = FALSE
	EndGlobalSection
	GlobalSection(NestedProjects) = preSolution
		{57E08200-816C-42B3-8E17-44BF3A2C1907} = {2F0A79F2-91ED-44C9-8291-BF7779C9A48D}
		{9CCB4568-166F-4A18-99E5-49D861CA4639} = {BE2B442A-C80C-4315-9667-2C28662E6BAD}
		{8523157B-78C6-41A4-9E57-595317CA74EE} = {BE2B442A-C80C-4315-9667-2C28662E6BAD}
		{A3427921-CD39-44BF-B84C-7048FC6BB73B} = {3F7C4822-4FD4-4927-8D95-4ADD04C7BE58}
		{2AE522E5-698C-414C-BD4E-D5D596ABA66B} = {3F7C4822-4FD4-4927-8D95-4ADD04C7BE58}
		{A6F2BAD5-733A-4E5B-BA81-9895D9E47EE8} = {FFA8D35F-FBE7-4848-9A8E-A0F5465966DA}
		{CAE7369C-9D81-4C6E-9DC2-C3280E4E3066} = {3F7C4822-4FD4-4927-8D95-4ADD04C7BE58}
		{2F3D020C-5720-4DF8-9ECE-A9A3C89FF4C3} = {4EC45067-C900-4601-AEAD-881E43C618A1}
		{2145EDE7-388C-4ACC-87C3-A29140F741C1} = {8FC9FA68-0C57-4AB7-8C4F-01F3F2FD976E}
		{68C81173-3B24-4F1B-8C1C-818F37EFFB92} = {3F7C4822-4FD4-4927-8D95-4ADD04C7BE58}
		{CF43A822-BF99-4B1D-9AC1-368AB4615BF0} = {FFA8D35F-FBE7-4848-9A8E-A0F5465966DA}
	EndGlobalSection
	GlobalSection(ExtensibilityGlobals) = postSolution
		SolutionGuid = {2D7D4306-038F-4062-9B85-289BD51C10E5}
	EndGlobalSection
EndGlobal
